// !$*UTF8*$!
{
	archiveVersion = 1;
	classes = {
	};
	objectVersion = 56;
	objects = {

/* Begin PBXBuildFile section */
		756C93E392A7C159D34F5515 /* Pods_SwiftSample.framework in Frameworks */ = {isa = PBXBuildFile; fileRef = 3A7A6A7D89DAD50226AEEDF5 /* Pods_SwiftSample.framework */; };
		7E30ED222D0735AB00E12EAA /* BannerInAppBiddingViewController.swift in Sources */ = {isa = PBXBuildFile; fileRef = 7E30ED212D07359F00E12EAA /* BannerInAppBiddingViewController.swift */; };
		7E45B1272CA1BA9C00BE0499 /* NativeAdViewInTableViewController.swift in Sources */ = {isa = PBXBuildFile; fileRef = 7E45B1262CA1BA8A00BE0499 /* NativeAdViewInTableViewController.swift */; };
		7E45B12B2CA2E8B400BE0499 /* CustomNativeAdLayoutView.swift in Sources */ = {isa = PBXBuildFile; fileRef = 7E45B12A2CA2E8AB00BE0499 /* CustomNativeAdLayoutView.swift */; };
		7E7D13A82D084F5400C096DD /* InterstitialInAppBiddingViewController.swift in Sources */ = {isa = PBXBuildFile; fileRef = 7E7D13A72D084F4000C096DD /* InterstitialInAppBiddingViewController.swift */; };
		7E8E6BAF2AD6D0B400C82325 /* AppDelegate.swift in Sources */ = {isa = PBXBuildFile; fileRef = 7E8E6BAE2AD6D0B400C82325 /* AppDelegate.swift */; };
		7E8E6BB12AD6D0B400C82325 /* SceneDelegate.swift in Sources */ = {isa = PBXBuildFile; fileRef = 7E8E6BB02AD6D0B400C82325 /* SceneDelegate.swift */; };
		7E8E6BB32AD6D0B400C82325 /* MainViewController.swift in Sources */ = {isa = PBXBuildFile; fileRef = 7E8E6BB22AD6D0B400C82325 /* MainViewController.swift */; };
		7E8E6BB62AD6D0B400C82325 /* Main.storyboard in Resources */ = {isa = PBXBuildFile; fileRef = 7E8E6BB42AD6D0B400C82325 /* Main.storyboard */; };
		7E8E6BB82AD6D0B500C82325 /* Assets.xcassets in Resources */ = {isa = PBXBuildFile; fileRef = 7E8E6BB72AD6D0B500C82325 /* Assets.xcassets */; };
		7E8E6BBB2AD6D0B500C82325 /* LaunchScreen.storyboard in Resources */ = {isa = PBXBuildFile; fileRef = 7E8E6BB92AD6D0B500C82325 /* LaunchScreen.storyboard */; };
		7E8E6BC42AD6D59E00C82325 /* MenuItem.swift in Sources */ = {isa = PBXBuildFile; fileRef = 7E8E6BC32AD6D59E00C82325 /* MenuItem.swift */; };
		7E8E6BCB2AD6DB1700C82325 /* BannerViewController.swift in Sources */ = {isa = PBXBuildFile; fileRef = 7E8E6BCA2AD6DB1700C82325 /* BannerViewController.swift */; };
		7E8E6BCD2AD6DC4600C82325 /* InterstitialViewController.swift in Sources */ = {isa = PBXBuildFile; fileRef = 7E8E6BCC2AD6DC4600C82325 /* InterstitialViewController.swift */; };
		7E8E6BCF2AD6EEFE00C82325 /* BannerViewInTableViewController.swift in Sources */ = {isa = PBXBuildFile; fileRef = 7E8E6BCE2AD6EEFE00C82325 /* BannerViewInTableViewController.swift */; };
		7E8E6BDC2AD7EC9900C82325 /* Constants.swift in Sources */ = {isa = PBXBuildFile; fileRef = 7E8E6BDB2AD7EC9900C82325 /* Constants.swift */; };
/* End PBXBuildFile section */

/* Begin PBXCopyFilesBuildPhase section */
		7E8E6BF12ADD34E000C82325 /* Embed Frameworks */ = {
			isa = PBXCopyFilesBuildPhase;
			buildActionMask = 2147483647;
			dstPath = "";
			dstSubfolderSpec = 10;
			files = (
			);
			name = "Embed Frameworks";
			runOnlyForDeploymentPostprocessing = 0;
		};
/* End PBXCopyFilesBuildPhase section */

/* Begin PBXFileReference section */
		3A7A6A7D89DAD50226AEEDF5 /* Pods_SwiftSample.framework */ = {isa = PBXFileReference; explicitFileType = wrapper.framework; includeInIndex = 0; path = Pods_SwiftSample.framework; sourceTree = BUILT_PRODUCTS_DIR; };
		64CB397B520A3A47141E4791 /* Pods-SwiftSample.debug.xcconfig */ = {isa = PBXFileReference; includeInIndex = 1; lastKnownFileType = text.xcconfig; name = "Pods-SwiftSample.debug.xcconfig"; path = "Target Support Files/Pods-SwiftSample/Pods-SwiftSample.debug.xcconfig"; sourceTree = "<group>"; };
		7C70C348F4E665400C62C6C8 /* Pods-SwiftSample.release.xcconfig */ = {isa = PBXFileReference; includeInIndex = 1; lastKnownFileType = text.xcconfig; name = "Pods-SwiftSample.release.xcconfig"; path = "Target Support Files/Pods-SwiftSample/Pods-SwiftSample.release.xcconfig"; sourceTree = "<group>"; };
		7E30ED212D07359F00E12EAA /* BannerInAppBiddingViewController.swift */ = {isa = PBXFileReference; lastKnownFileType = sourcecode.swift; path = BannerInAppBiddingViewController.swift; sourceTree = "<group>"; };
		7E45B1262CA1BA8A00BE0499 /* NativeAdViewInTableViewController.swift */ = {isa = PBXFileReference; lastKnownFileType = sourcecode.swift; path = NativeAdViewInTableViewController.swift; sourceTree = "<group>"; };
		7E45B12A2CA2E8AB00BE0499 /* CustomNativeAdLayoutView.swift */ = {isa = PBXFileReference; lastKnownFileType = sourcecode.swift; path = CustomNativeAdLayoutView.swift; sourceTree = "<group>"; };
		7E7D13A72D084F4000C096DD /* InterstitialInAppBiddingViewController.swift */ = {isa = PBXFileReference; lastKnownFileType = sourcecode.swift; path = InterstitialInAppBiddingViewController.swift; sourceTree = "<group>"; };
		7E8E6BAB2AD6D0B400C82325 /* SwiftSample.app */ = {isa = PBXFileReference; explicitFileType = wrapper.application; includeInIndex = 0; path = SwiftSample.app; sourceTree = BUILT_PRODUCTS_DIR; };
		7E8E6BAE2AD6D0B400C82325 /* AppDelegate.swift */ = {isa = PBXFileReference; lastKnownFileType = sourcecode.swift; path = AppDelegate.swift; sourceTree = "<group>"; };
		7E8E6BB02AD6D0B400C82325 /* SceneDelegate.swift */ = {isa = PBXFileReference; lastKnownFileType = sourcecode.swift; path = SceneDelegate.swift; sourceTree = "<group>"; };
		7E8E6BB22AD6D0B400C82325 /* MainViewController.swift */ = {isa = PBXFileReference; lastKnownFileType = sourcecode.swift; path = MainViewController.swift; sourceTree = "<group>"; };
		7E8E6BB52AD6D0B400C82325 /* Base */ = {isa = PBXFileReference; lastKnownFileType = file.storyboard; name = Base; path = Base.lproj/Main.storyboard; sourceTree = "<group>"; };
		7E8E6BB72AD6D0B500C82325 /* Assets.xcassets */ = {isa = PBXFileReference; lastKnownFileType = folder.assetcatalog; path = Assets.xcassets; sourceTree = "<group>"; };
		7E8E6BBA2AD6D0B500C82325 /* Base */ = {isa = PBXFileReference; lastKnownFileType = file.storyboard; name = Base; path = Base.lproj/LaunchScreen.storyboard; sourceTree = "<group>"; };
		7E8E6BBC2AD6D0B500C82325 /* Info.plist */ = {isa = PBXFileReference; lastKnownFileType = text.plist.xml; path = Info.plist; sourceTree = "<group>"; };
		7E8E6BC32AD6D59E00C82325 /* MenuItem.swift */ = {isa = PBXFileReference; lastKnownFileType = sourcecode.swift; path = MenuItem.swift; sourceTree = "<group>"; };
		7E8E6BCA2AD6DB1700C82325 /* BannerViewController.swift */ = {isa = PBXFileReference; lastKnownFileType = sourcecode.swift; path = BannerViewController.swift; sourceTree = "<group>"; };
		7E8E6BCC2AD6DC4600C82325 /* InterstitialViewController.swift */ = {isa = PBXFileReference; lastKnownFileType = sourcecode.swift; path = InterstitialViewController.swift; sourceTree = "<group>"; };
		7E8E6BCE2AD6EEFE00C82325 /* BannerViewInTableViewController.swift */ = {isa = PBXFileReference; lastKnownFileType = sourcecode.swift; path = BannerViewInTableViewController.swift; sourceTree = "<group>"; };
		7E8E6BDB2AD7EC9900C82325 /* Constants.swift */ = {isa = PBXFileReference; lastKnownFileType = sourcecode.swift; path = Constants.swift; sourceTree = "<group>"; };
/* End PBXFileReference section */

/* Begin PBXFrameworksBuildPhase section */
		7E8E6BA82AD6D0B400C82325 /* Frameworks */ = {
			isa = PBXFrameworksBuildPhase;
			buildActionMask = 2147483647;
			files = (
				756C93E392A7C159D34F5515 /* Pods_SwiftSample.framework in Frameworks */,
			);
			runOnlyForDeploymentPostprocessing = 0;
		};
/* End PBXFrameworksBuildPhase section */

/* Begin PBXGroup section */
		4EE5B0A3D11ED56E84505087 /* Frameworks */ = {
			isa = PBXGroup;
			children = (
				3A7A6A7D89DAD50226AEEDF5 /* Pods_SwiftSample.framework */,
			);
			name = Frameworks;
			sourceTree = "<group>";
		};
		7E45B1292CA2E89900BE0499 /* Views */ = {
			isa = PBXGroup;
			children = (
				7E45B12A2CA2E8AB00BE0499 /* CustomNativeAdLayoutView.swift */,
			);
			path = Views;
			sourceTree = "<group>";
		};
		7E8E6BA22AD6D0B400C82325 = {
			isa = PBXGroup;
			children = (
				7E8E6BAD2AD6D0B400C82325 /* SwiftSample */,
				7E8E6BAC2AD6D0B400C82325 /* Products */,
				871CCD9EDB7BF21DD5C5C428 /* Pods */,
				4EE5B0A3D11ED56E84505087 /* Frameworks */,
			);
			sourceTree = "<group>";
		};
		7E8E6BAC2AD6D0B400C82325 /* Products */ = {
			isa = PBXGroup;
			children = (
				7E8E6BAB2AD6D0B400C82325 /* SwiftSample.app */,
			);
			name = Products;
			sourceTree = "<group>";
		};
		7E8E6BAD2AD6D0B400C82325 /* SwiftSample */ = {
			isa = PBXGroup;
			children = (
				7E8E6BC72AD6D9C400C82325 /* AppDelegate */,
				7E8E6BC92AD6DB0100C82325 /* SampleControllers */,
				7E45B1292CA2E89900BE0499 /* Views */,
				7E8E6BC52AD6D9AC00C82325 /* MainController */,
				7E8E6BC22AD6D59300C82325 /* Models */,
				7E8E6BC82AD6D9ED00C82325 /* Misc */,
			);
			path = SwiftSample;
			sourceTree = "<group>";
		};
		7E8E6BC22AD6D59300C82325 /* Models */ = {
			isa = PBXGroup;
			children = (
				7E8E6BDB2AD7EC9900C82325 /* Constants.swift */,
				7E8E6BC32AD6D59E00C82325 /* MenuItem.swift */,
			);
			path = Models;
			sourceTree = "<group>";
		};
		7E8E6BC52AD6D9AC00C82325 /* MainController */ = {
			isa = PBXGroup;
			children = (
				7E8E6BB22AD6D0B400C82325 /* MainViewController.swift */,
				7E8E6BB42AD6D0B400C82325 /* Main.storyboard */,
			);
			path = MainController;
			sourceTree = "<group>";
		};
		7E8E6BC72AD6D9C400C82325 /* AppDelegate */ = {
			isa = PBXGroup;
			children = (
				7E8E6BAE2AD6D0B400C82325 /* AppDelegate.swift */,
				7E8E6BB02AD6D0B400C82325 /* SceneDelegate.swift */,
			);
			path = AppDelegate;
			sourceTree = "<group>";
		};
		7E8E6BC82AD6D9ED00C82325 /* Misc */ = {
			isa = PBXGroup;
			children = (
				7E8E6BB72AD6D0B500C82325 /* Assets.xcassets */,
				7E8E6BB92AD6D0B500C82325 /* LaunchScreen.storyboard */,
				7E8E6BBC2AD6D0B500C82325 /* Info.plist */,
			);
			path = Misc;
			sourceTree = "<group>";
		};
		7E8E6BC92AD6DB0100C82325 /* SampleControllers */ = {
			isa = PBXGroup;
			children = (
				7E8E6BCA2AD6DB1700C82325 /* BannerViewController.swift */,
				7E30ED212D07359F00E12EAA /* BannerInAppBiddingViewController.swift */,
				7E8E6BCE2AD6EEFE00C82325 /* BannerViewInTableViewController.swift */,
				7E8E6BCC2AD6DC4600C82325 /* InterstitialViewController.swift */,
				7E7D13A72D084F4000C096DD /* InterstitialInAppBiddingViewController.swift */,
				7E45B1262CA1BA8A00BE0499 /* NativeAdViewInTableViewController.swift */,
			);
			path = SampleControllers;
			sourceTree = "<group>";
		};
		871CCD9EDB7BF21DD5C5C428 /* Pods */ = {
			isa = PBXGroup;
			children = (
				64CB397B520A3A47141E4791 /* Pods-SwiftSample.debug.xcconfig */,
				7C70C348F4E665400C62C6C8 /* Pods-SwiftSample.release.xcconfig */,
			);
			path = Pods;
			sourceTree = "<group>";
		};
/* End PBXGroup section */

/* Begin PBXNativeTarget section */
		7E8E6BAA2AD6D0B400C82325 /* SwiftSample */ = {
			isa = PBXNativeTarget;
			buildConfigurationList = 7E8E6BBF2AD6D0B500C82325 /* Build configuration list for PBXNativeTarget "SwiftSample" */;
			buildPhases = (
				A7884D4B1B65569681A36EE9 /* [CP] Check Pods Manifest.lock */,
				7E8E6BA72AD6D0B400C82325 /* Sources */,
				7E8E6BA82AD6D0B400C82325 /* Frameworks */,
				7E8E6BA92AD6D0B400C82325 /* Resources */,
				7E8E6BF12ADD34E000C82325 /* Embed Frameworks */,
				A58C7B733F5617313116642D /* [CP] Embed Pods Frameworks */,
			);
			buildRules = (
			);
			dependencies = (
			);
			name = SwiftSample;
			productName = SwiftSample;
			productReference = 7E8E6BAB2AD6D0B400C82325 /* SwiftSample.app */;
			productType = "com.apple.product-type.application";
		};
/* End PBXNativeTarget section */

/* Begin PBXProject section */
		7E8E6BA32AD6D0B400C82325 /* Project object */ = {
			isa = PBXProject;
			attributes = {
				BuildIndependentTargetsInParallel = 1;
				LastSwiftUpdateCheck = 1500;
				LastUpgradeCheck = 1500;
				TargetAttributes = {
					7E8E6BAA2AD6D0B400C82325 = {
						CreatedOnToolsVersion = 15.0;
					};
				};
			};
			buildConfigurationList = 7E8E6BA62AD6D0B400C82325 /* Build configuration list for PBXProject "SwiftSample" */;
			compatibilityVersion = "Xcode 14.0";
			developmentRegion = en;
			hasScannedForEncodings = 0;
			knownRegions = (
				en,
				Base,
			);
			mainGroup = 7E8E6BA22AD6D0B400C82325;
			productRefGroup = 7E8E6BAC2AD6D0B400C82325 /* Products */;
			projectDirPath = "";
			projectRoot = "";
			targets = (
				7E8E6BAA2AD6D0B400C82325 /* SwiftSample */,
			);
		};
/* End PBXProject section */

/* Begin PBXResourcesBuildPhase section */
		7E8E6BA92AD6D0B400C82325 /* Resources */ = {
			isa = PBXResourcesBuildPhase;
			buildActionMask = 2147483647;
			files = (
				7E8E6BBB2AD6D0B500C82325 /* LaunchScreen.storyboard in Resources */,
				7E8E6BB82AD6D0B500C82325 /* Assets.xcassets in Resources */,
				7E8E6BB62AD6D0B400C82325 /* Main.storyboard in Resources */,
			);
			runOnlyForDeploymentPostprocessing = 0;
		};
/* End PBXResourcesBuildPhase section */

/* Begin PBXShellScriptBuildPhase section */
		A58C7B733F5617313116642D /* [CP] Embed Pods Frameworks */ = {
			isa = PBXShellScriptBuildPhase;
			buildActionMask = 2147483647;
			files = (
			);
			inputFileListPaths = (
				"${PODS_ROOT}/Target Support Files/Pods-SwiftSample/Pods-SwiftSample-frameworks-${CONFIGURATION}-input-files.xcfilelist",
			);
			name = "[CP] Embed Pods Frameworks";
			outputFileListPaths = (
				"${PODS_ROOT}/Target Support Files/Pods-SwiftSample/Pods-SwiftSample-frameworks-${CONFIGURATION}-output-files.xcfilelist",
			);
			runOnlyForDeploymentPostprocessing = 0;
			shellPath = /bin/sh;
			shellScript = "\"${PODS_ROOT}/Target Support Files/Pods-SwiftSample/Pods-SwiftSample-frameworks.sh\"\n";
			showEnvVarsInLog = 0;
		};
		A7884D4B1B65569681A36EE9 /* [CP] Check Pods Manifest.lock */ = {
			isa = PBXShellScriptBuildPhase;
			buildActionMask = 2147483647;
			files = (
			);
			inputFileListPaths = (
			);
			inputPaths = (
				"${PODS_PODFILE_DIR_PATH}/Podfile.lock",
				"${PODS_ROOT}/Manifest.lock",
			);
			name = "[CP] Check Pods Manifest.lock";
			outputFileListPaths = (
			);
			outputPaths = (
				"$(DERIVED_FILE_DIR)/Pods-SwiftSample-checkManifestLockResult.txt",
			);
			runOnlyForDeploymentPostprocessing = 0;
			shellPath = /bin/sh;
			shellScript = "diff \"${PODS_PODFILE_DIR_PATH}/Podfile.lock\" \"${PODS_ROOT}/Manifest.lock\" > /dev/null\nif [ $? != 0 ] ; then\n    # print error to STDERR\n    echo \"error: The sandbox is not in sync with the Podfile.lock. Run 'pod install' or update your CocoaPods installation.\" >&2\n    exit 1\nfi\n# This output is used by Xcode 'outputs' to avoid re-running this script phase.\necho \"SUCCESS\" > \"${SCRIPT_OUTPUT_FILE_0}\"\n";
			showEnvVarsInLog = 0;
		};
/* End PBXShellScriptBuildPhase section */

/* Begin PBXSourcesBuildPhase section */
		7E8E6BA72AD6D0B400C82325 /* Sources */ = {
			isa = PBXSourcesBuildPhase;
			buildActionMask = 2147483647;
			files = (
				7E45B1272CA1BA9C00BE0499 /* NativeAdViewInTableViewController.swift in Sources */,
				7E8E6BCB2AD6DB1700C82325 /* BannerViewController.swift in Sources */,
				7E45B12B2CA2E8B400BE0499 /* CustomNativeAdLayoutView.swift in Sources */,
				7E7D13A82D084F5400C096DD /* InterstitialInAppBiddingViewController.swift in Sources */,
				7E8E6BB32AD6D0B400C82325 /* MainViewController.swift in Sources */,
				7E8E6BCF2AD6EEFE00C82325 /* BannerViewInTableViewController.swift in Sources */,
				7E30ED222D0735AB00E12EAA /* BannerInAppBiddingViewController.swift in Sources */,
				7E8E6BCD2AD6DC4600C82325 /* InterstitialViewController.swift in Sources */,
				7E8E6BC42AD6D59E00C82325 /* MenuItem.swift in Sources */,
				7E8E6BAF2AD6D0B400C82325 /* AppDelegate.swift in Sources */,
				7E8E6BB12AD6D0B400C82325 /* SceneDelegate.swift in Sources */,
				7E8E6BDC2AD7EC9900C82325 /* Constants.swift in Sources */,
			);
			runOnlyForDeploymentPostprocessing = 0;
		};
/* End PBXSourcesBuildPhase section */

/* Begin PBXVariantGroup section */
		7E8E6BB42AD6D0B400C82325 /* Main.storyboard */ = {
			isa = PBXVariantGroup;
			children = (
				7E8E6BB52AD6D0B400C82325 /* Base */,
			);
			name = Main.storyboard;
			sourceTree = "<group>";
		};
		7E8E6BB92AD6D0B500C82325 /* LaunchScreen.storyboard */ = {
			isa = PBXVariantGroup;
			children = (
				7E8E6BBA2AD6D0B500C82325 /* Base */,
			);
			name = LaunchScreen.storyboard;
			sourceTree = "<group>";
		};
/* End PBXVariantGroup section */

/* Begin XCBuildConfiguration section */
		7E8E6BBD2AD6D0B500C82325 /* Debug */ = {
			isa = XCBuildConfiguration;
			buildSettings = {
				ALWAYS_SEARCH_USER_PATHS = NO;
				ASSETCATALOG_COMPILER_GENERATE_SWIFT_ASSET_SYMBOL_EXTENSIONS = YES;
				CLANG_ANALYZER_NONNULL = YES;
				CLANG_ANALYZER_NUMBER_OBJECT_CONVERSION = YES_AGGRESSIVE;
				CLANG_CXX_LANGUAGE_STANDARD = "gnu++20";
				CLANG_ENABLE_MODULES = YES;
				CLANG_ENABLE_OBJC_ARC = YES;
				CLANG_ENABLE_OBJC_WEAK = YES;
				CLANG_WARN_BLOCK_CAPTURE_AUTORELEASING = YES;
				CLANG_WARN_BOOL_CONVERSION = YES;
				CLANG_WARN_COMMA = YES;
				CLANG_WARN_CONSTANT_CONVERSION = YES;
				CLANG_WARN_DEPRECATED_OBJC_IMPLEMENTATIONS = YES;
				CLANG_WARN_DIRECT_OBJC_ISA_USAGE = YES_ERROR;
				CLANG_WARN_DOCUMENTATION_COMMENTS = YES;
				CLANG_WARN_EMPTY_BODY = YES;
				CLANG_WARN_ENUM_CONVERSION = YES;
				CLANG_WARN_INFINITE_RECURSION = YES;
				CLANG_WARN_INT_CONVERSION = YES;
				CLANG_WARN_NON_LITERAL_NULL_CONVERSION = YES;
				CLANG_WARN_OBJC_IMPLICIT_RETAIN_SELF = YES;
				CLANG_WARN_OBJC_LITERAL_CONVERSION = YES;
				CLANG_WARN_OBJC_ROOT_CLASS = YES_ERROR;
				CLANG_WARN_QUOTED_INCLUDE_IN_FRAMEWORK_HEADER = YES;
				CLANG_WARN_RANGE_LOOP_ANALYSIS = YES;
				CLANG_WARN_STRICT_PROTOTYPES = YES;
				CLANG_WARN_SUSPICIOUS_MOVE = YES;
				CLANG_WARN_UNGUARDED_AVAILABILITY = YES_AGGRESSIVE;
				CLANG_WARN_UNREACHABLE_CODE = YES;
				CLANG_WARN__DUPLICATE_METHOD_MATCH = YES;
				COPY_PHASE_STRIP = NO;
				DEBUG_INFORMATION_FORMAT = dwarf;
				ENABLE_STRICT_OBJC_MSGSEND = YES;
				ENABLE_TESTABILITY = YES;
				ENABLE_USER_SCRIPT_SANDBOXING = NO;
				GCC_C_LANGUAGE_STANDARD = gnu17;
				GCC_DYNAMIC_NO_PIC = NO;
				GCC_NO_COMMON_BLOCKS = YES;
				GCC_OPTIMIZATION_LEVEL = 0;
				GCC_PREPROCESSOR_DEFINITIONS = (
					"DEBUG=1",
					"$(inherited)",
				);
				GCC_WARN_64_TO_32_BIT_CONVERSION = YES;
				GCC_WARN_ABOUT_RETURN_TYPE = YES_ERROR;
				GCC_WARN_UNDECLARED_SELECTOR = YES;
				GCC_WARN_UNINITIALIZED_AUTOS = YES_AGGRESSIVE;
				GCC_WARN_UNUSED_FUNCTION = YES;
				GCC_WARN_UNUSED_VARIABLE = YES;
				IPHONEOS_DEPLOYMENT_TARGET = 15.0;
				LOCALIZATION_PREFERS_STRING_CATALOGS = YES;
				MTL_ENABLE_DEBUG_INFO = INCLUDE_SOURCE;
				MTL_FAST_MATH = YES;
				ONLY_ACTIVE_ARCH = YES;
				SDKROOT = iphoneos;
				SWIFT_ACTIVE_COMPILATION_CONDITIONS = "DEBUG $(inherited)";
				SWIFT_OPTIMIZATION_LEVEL = "-Onone";
			};
			name = Debug;
		};
		7E8E6BBE2AD6D0B500C82325 /* Release */ = {
			isa = XCBuildConfiguration;
			buildSettings = {
				ALWAYS_SEARCH_USER_PATHS = NO;
				ASSETCATALOG_COMPILER_GENERATE_SWIFT_ASSET_SYMBOL_EXTENSIONS = YES;
				CLANG_ANALYZER_NONNULL = YES;
				CLANG_ANALYZER_NUMBER_OBJECT_CONVERSION = YES_AGGRESSIVE;
				CLANG_CXX_LANGUAGE_STANDARD = "gnu++20";
				CLANG_ENABLE_MODULES = YES;
				CLANG_ENABLE_OBJC_ARC = YES;
				CLANG_ENABLE_OBJC_WEAK = YES;
				CLANG_WARN_BLOCK_CAPTURE_AUTORELEASING = YES;
				CLANG_WARN_BOOL_CONVERSION = YES;
				CLANG_WARN_COMMA = YES;
				CLANG_WARN_CONSTANT_CONVERSION = YES;
				CLANG_WARN_DEPRECATED_OBJC_IMPLEMENTATIONS = YES;
				CLANG_WARN_DIRECT_OBJC_ISA_USAGE = YES_ERROR;
				CLANG_WARN_DOCUMENTATION_COMMENTS = YES;
				CLANG_WARN_EMPTY_BODY = YES;
				CLANG_WARN_ENUM_CONVERSION = YES;
				CLANG_WARN_INFINITE_RECURSION = YES;
				CLANG_WARN_INT_CONVERSION = YES;
				CLANG_WARN_NON_LITERAL_NULL_CONVERSION = YES;
				CLANG_WARN_OBJC_IMPLICIT_RETAIN_SELF = YES;
				CLANG_WARN_OBJC_LITERAL_CONVERSION = YES;
				CLANG_WARN_OBJC_ROOT_CLASS = YES_ERROR;
				CLANG_WARN_QUOTED_INCLUDE_IN_FRAMEWORK_HEADER = YES;
				CLANG_WARN_RANGE_LOOP_ANALYSIS = YES;
				CLANG_WARN_STRICT_PROTOTYPES = YES;
				CLANG_WARN_SUSPICIOUS_MOVE = YES;
				CLANG_WARN_UNGUARDED_AVAILABILITY = YES_AGGRESSIVE;
				CLANG_WARN_UNREACHABLE_CODE = YES;
				CLANG_WARN__DUPLICATE_METHOD_MATCH = YES;
				COPY_PHASE_STRIP = NO;
				DEBUG_INFORMATION_FORMAT = "dwarf-with-dsym";
				ENABLE_NS_ASSERTIONS = NO;
				ENABLE_STRICT_OBJC_MSGSEND = YES;
				ENABLE_USER_SCRIPT_SANDBOXING = NO;
				GCC_C_LANGUAGE_STANDARD = gnu17;
				GCC_NO_COMMON_BLOCKS = YES;
				GCC_WARN_64_TO_32_BIT_CONVERSION = YES;
				GCC_WARN_ABOUT_RETURN_TYPE = YES_ERROR;
				GCC_WARN_UNDECLARED_SELECTOR = YES;
				GCC_WARN_UNINITIALIZED_AUTOS = YES_AGGRESSIVE;
				GCC_WARN_UNUSED_FUNCTION = YES;
				GCC_WARN_UNUSED_VARIABLE = YES;
				IPHONEOS_DEPLOYMENT_TARGET = 15.0;
				LOCALIZATION_PREFERS_STRING_CATALOGS = YES;
				MTL_ENABLE_DEBUG_INFO = NO;
				MTL_FAST_MATH = YES;
				SDKROOT = iphoneos;
				SWIFT_COMPILATION_MODE = wholemodule;
				VALIDATE_PRODUCT = YES;
			};
			name = Release;
		};
		7E8E6BC02AD6D0B500C82325 /* Debug */ = {
			isa = XCBuildConfiguration;
			baseConfigurationReference = 64CB397B520A3A47141E4791 /* Pods-SwiftSample.debug.xcconfig */;
			buildSettings = {
				ASSETCATALOG_COMPILER_APPICON_NAME = AppIcon;
				ASSETCATALOG_COMPILER_GLOBAL_ACCENT_COLOR_NAME = AccentColor;
				CODE_SIGN_STYLE = Automatic;
				CURRENT_PROJECT_VERSION = 1;
				DEVELOPMENT_TEAM = Q54572X2VB;
				GENERATE_INFOPLIST_FILE = YES;
				INFOPLIST_FILE = SwiftSample/Misc/Info.plist;
				INFOPLIST_KEY_NSUserTrackingUsageDescription = "Your device identifier will be used to deliver personalized ad to you.";
				INFOPLIST_KEY_UIApplicationSupportsIndirectInputEvents = YES;
				INFOPLIST_KEY_UILaunchStoryboardName = LaunchScreen;
				INFOPLIST_KEY_UIMainStoryboardFile = Main;
				INFOPLIST_KEY_UISupportedInterfaceOrientations_iPad = "UIInterfaceOrientationPortrait UIInterfaceOrientationPortraitUpsideDown UIInterfaceOrientationLandscapeLeft UIInterfaceOrientationLandscapeRight";
				INFOPLIST_KEY_UISupportedInterfaceOrientations_iPhone = "UIInterfaceOrientationPortrait UIInterfaceOrientationLandscapeLeft UIInterfaceOrientationLandscapeRight";
				LD_RUNPATH_SEARCH_PATHS = (
					"$(inherited)",
					"@executable_path/Frameworks",
				);
				MARKETING_VERSION = 1.0;
				PRODUCT_BUNDLE_IDENTIFIER = com.smartadserver.sdk8.SwiftSample;
				PRODUCT_NAME = "$(TARGET_NAME)";
				SWIFT_EMIT_LOC_STRINGS = YES;
				SWIFT_VERSION = 5.0;
				TARGETED_DEVICE_FAMILY = "1,2";
			};
			name = Debug;
		};
		7E8E6BC12AD6D0B500C82325 /* Release */ = {
			isa = XCBuildConfiguration;
			baseConfigurationReference = 7C70C348F4E665400C62C6C8 /* Pods-SwiftSample.release.xcconfig */;
			buildSettings = {
				ASSETCATALOG_COMPILER_APPICON_NAME = AppIcon;
				ASSETCATALOG_COMPILER_GLOBAL_ACCENT_COLOR_NAME = AccentColor;
				CODE_SIGN_STYLE = Automatic;
				CURRENT_PROJECT_VERSION = 1;
				DEVELOPMENT_TEAM = Q54572X2VB;
				GENERATE_INFOPLIST_FILE = YES;
				INFOPLIST_FILE = SwiftSample/Misc/Info.plist;
				INFOPLIST_KEY_NSUserTrackingUsageDescription = "Your device identifier will be used to deliver personalized ad to you.";
				INFOPLIST_KEY_UIApplicationSupportsIndirectInputEvents = YES;
				INFOPLIST_KEY_UILaunchStoryboardName = LaunchScreen;
				INFOPLIST_KEY_UIMainStoryboardFile = Main;
				INFOPLIST_KEY_UISupportedInterfaceOrientations_iPad = "UIInterfaceOrientationPortrait UIInterfaceOrientationPortraitUpsideDown UIInterfaceOrientationLandscapeLeft UIInterfaceOrientationLandscapeRight";
				INFOPLIST_KEY_UISupportedInterfaceOrientations_iPhone = "UIInterfaceOrientationPortrait UIInterfaceOrientationLandscapeLeft UIInterfaceOrientationLandscapeRight";
				LD_RUNPATH_SEARCH_PATHS = (
					"$(inherited)",
					"@executable_path/Frameworks",
				);
				MARKETING_VERSION = 1.0;
				PRODUCT_BUNDLE_IDENTIFIER = com.smartadserver.sdk8.SwiftSample;
				PRODUCT_NAME = "$(TARGET_NAME)";
				SWIFT_EMIT_LOC_STRINGS = YES;
				SWIFT_VERSION = 5.0;
				TARGETED_DEVICE_FAMILY = "1,2";
			};
			name = Release;
		};
/* End XCBuildConfiguration section */

/* Begin XCConfigurationList section */
		7E8E6BA62AD6D0B400C82325 /* Build configuration list for PBXProject "SwiftSample" */ = {
			isa = XCConfigurationList;
			buildConfigurations = (
				7E8E6BBD2AD6D0B500C82325 /* Debug */,
				7E8E6BBE2AD6D0B500C82325 /* Release */,
			);
			defaultConfigurationIsVisible = 0;
			defaultConfigurationName = Release;
		};
		7E8E6BBF2AD6D0B500C82325 /* Build configuration list for PBXNativeTarget "SwiftSample" */ = {
			isa = XCConfigurationList;
			buildConfigurations = (
				7E8E6BC02AD6D0B500C82325 /* Debug */,
				7E8E6BC12AD6D0B500C82325 /* Release */,
			);
			defaultConfigurationIsVisible = 0;
			defaultConfigurationName = Release;
		};
/* End XCConfigurationList section */
	};
	rootObject = 7E8E6BA32AD6D0B400C82325 /* Project object */;
}
