PODS:
  - Equativ-Display-SDK (8.0.0)

DEPENDENCIES:
  - Equativ-Display-SDK (~> 8.0.0)

SPEC REPOS:
  https://github.com/CocoaPods/Specs.git:
    - Equativ-Display-SDK

SPEC CHECKSUMS:
  Equativ-Display-SDK: f3595be0395a6f461bbd54d2fa7b551dbaced5b7

PODFILE CHECKSUM: 635f68a2e330b91c97fbbf879868c9634f9dcf0e

COCOAPODS: 1.14.3
