PODS:
  - Equativ-Display-SDK (8.2.2)

DEPENDENCIES:
  - Equativ-Display-SDK (~> 8.2.2)

SPEC REPOS:
  https://github.com/CocoaPods/Specs.git:
    - Equativ-Display-SDK

SPEC CHECKSUMS:
  Equativ-Display-SDK: e767bdffbfc7455965ab8f5f97e5f02a3bd29d20

PODFILE CHECKSUM: 47b25ef66f3fb15f54896b6a0b936a93f6e5367c

COCOAPODS: 1.14.3
